 scale=480x320
,setsar=1:1
,yadif
,crop=466:320:0:0
,curves=master='0.0/0 0.01171875/0.0074944822615652471 0.0234375/0.014997786966560725 0.03515625/0.022518736558416654 0.046875/0.030066153480563271 0.05859375/0.0376488601764308 0.0703125/0.045275679089449468 0.08203125/0.052955432663049515 0.09375/0.060696943340661155 0.10546875/0.068509033565714625 0.1171875/0.076400525781640138 0.12890625/0.084380242431867966 0.140625/0.092457005959828267 0.15234375/0.10063963880895133 0.1640625/0.10893696342266738 0.17578125/0.11735780224440659 0.1875/0.12591097771759924 0.19921875/0.13468975297115338 0.2109375/0.14341244080051405 0.22265625/0.15213902761882947 0.234375/0.1608701560275789 0.24609375/0.16960646862824158 0.2578125/0.17834860802229677 0.26953125/0.18709721681122377 0.28125/0.19585293759650171 0.29296875/0.20461641297960992 0.3046875/0.21338828556202757 0.31640625/0.22216919794523399 0.328125/0.23095979273070824 0.33984375/0.23976071251992984 0.3515625/0.2485725999143778 0.36328125/0.2573960975155315 0.375/0.26623184792487009 0.38671875/0.27508049374387289 0.3984375/0.28394267757401914 0.41015625/0.29281904201678788 0.421875/0.30171022967365874 0.43359375/0.31061688314611058 0.4453125/0.31953964503562288 0.45703125/0.32847915794367477 0.46875/0.33743606447174546 0.48046875/0.3464110072213144 0.4921875/0.35540462879386059 0.50390625/0.36441757179086343 0.515625/0.37345047881380206 0.52734375/0.38250399246415578 0.5390625/0.39157875534340386 0.55078125/0.40067541005302554 0.5625/0.40979459919449984 0.57421875/0.41893696536930636 0.5859375/0.42810315117892417 0.59765625/0.43729379922483241 0.609375/0.44650955210851045 0.62109375/0.4557510524314376 0.6328125/0.46501894279509287 0.64453125/0.47431386580095564 0.65625/0.48363646405050525 0.66796875/0.49298738014522081 0.6796875/0.50236725668658166 0.69140625/0.5117767362760669 0.703125/0.52121646151515588 0.71484375/0.53068707500532786 0.7265625/0.54018921934806174 0.73828125/0.54971106584066964 0.75/0.55954239209232637 0.76171875/0.56971853179717125 0.7734375/0.58023343538318739 0.78515625/0.59108105327835869 0.796875/0.60225533591066849 0.80859375/0.61375023370810011 0.8203125/0.62555969709863757 0.83203125/0.63767767651026419 0.84375/0.65009812237096332 0.85546875/0.66281498510871872 0.8671875/0.67582221515151375 0.87890625/0.69053760398051245 0.890625/0.70441410785294201 0.90234375/0.71884678310149597 0.9140625/0.73377305549586724 0.92578125/0.74913035080574941 0.9375/0.76485609480083538 0.94921875/0.78088771325081829 0.9609375/0.79716263192539083 0.97265625/0.81361827659424657 0.984375/0.83019207302707865 0.99609375/0.84496124031007747':red='0.0/0 0.01171875/0.0084771366229540856 0.0234375/0.016958365082140252 0.03515625/0.025447777213790591 0.046875/0.033949464854137183 0.05859375/0.042467519839412125 0.0703125/0.051006034005847474 0.08203125/0.059569099189675338 0.09375/0.068160807227127793 0.10546875/0.076785249954436946 0.1171875/0.085446519207834831 0.12890625/0.094148706823553571 0.140625/0.10289590463782526 0.15234375/0.11169220448688195 0.1640625/0.12054169820695577 0.17578125/0.12944847763427875 0.1875/0.13841663460508302 0.19921875/0.14745026095560063 0.2109375/0.15655344852206371 0.22265625/0.16573028914070428 0.234375/0.17498487464775445 0.24609375/0.1843212968794464 0.2578125/0.19374364767201199 0.26953125/0.20325601886168357 0.28125/0.21286250228469303 0.29296875/0.22256718977727261 0.3046875/0.23237417317565423 0.31640625/0.24228754431607011 0.328125/0.25231139503475225 0.33984375/0.26244981716793281 0.3515625/0.27270690255184371 0.36328125/0.28308674302271725 0.375/0.29359343041678532 0.38671875/0.30423105657028021 0.3984375/0.31500371331943389 0.41015625/0.32591549250047835 0.421875/0.3369704859496459 0.43359375/0.34817278550316849 0.4453125/0.35952648299727819 0.45703125/0.37103567026820711 0.46875/0.38270443915218733 0.48046875/0.39453688148545091 0.4921875/0.40653708910423003 0.50390625/0.4187091538447566 0.515625/0.43082265973938155 0.52734375/0.44381766760032088 0.5390625/0.45735875615743404 0.55078125/0.47140963573994321 0.5625/0.48593401667706954 0.57421875/0.50089560929803534 0.5859375/0.51625812393206205 0.59765625/0.53198527090837167 0.609375/0.54804076055618611 0.62109375/0.56438830320472677 0.6328125/0.5809916091832158 0.64453125/0.59781438882087445 0.65625/0.6148203524469249 0.66796875/0.63197321039058896 0.6796875/0.64923667298108834 0.69140625/0.66657445054764486 0.703125/0.68395025341948024 0.71484375/0.70132779192581629 0.7265625/0.71867077639587462 0.73828125/0.73594291715887727 0.75/0.75310792454404596 0.76171875/0.77012950888060228 0.7734375/0.78697138049776827 0.78515625/0.80359724972476532 0.796875/0.81997082689081591 0.80859375/0.8360558223251412 0.8203125/0.85181594635696312 0.83203125/0.86721490931550349 0.84375/0.88221642152998403 0.85546875/0.89678419332962678 0.8671875/0.91085271317829453 0.87890625/0.92394356559593427 0.890625/0.93560757887156498 0.90234375/0.94598703169526965 0.9140625/0.95522420275713238 0.92578125/0.96346137074723659 0.9375/0.97084081435566594 0.94921875/0.97750481227250396 0.9609375/0.9835956431878341 0.97265625/0.98925558579174033 0.984375/0.9946269187743062 0.99609375/1':green='0.0/0 0.01171875/0.00060353816464280051 0.0234375/0.0012259341361118487 0.03515625/0.0018860457212333918 0.046875/0.0026027307268336785 0.05859375/0.003394846959738955 0.0703125/0.0042812522267754692 0.08203125/0.00528080433476947 0.09375/0.0064123610905472035 0.10546875/0.0076947803009349176 0.1171875/0.0091469197727588637 0.12890625/0.01078763731284528 0.140625/0.012635790728020426 0.15234375/0.01471023782511054 0.1640625/0.017029836410941877 0.17578125/0.019613444292340673 0.1875/0.022479919276133194 0.19921875/0.025648119169145667 0.2109375/0.029136901778204351 0.22265625/0.032965124910135493 0.234375/0.037151646371765344 0.24609375/0.04171532396992015 0.2578125/0.046675015511426145 0.26953125/0.052049578803109578 0.28125/0.057857871651796747 0.29296875/0.06411875186431383 0.3046875/0.070851077247487113 0.31640625/0.078073705608142807 0.328125/0.085805494753107239 0.33984375/0.094065302489206554 0.3515625/0.10287198662326706 0.36328125/0.112244404962115 0.375/0.12220141531257665 0.38671875/0.13146782917472841 0.3984375/0.14251917775966963 0.41015625/0.15410721304561764 0.421875/0.16621072043961796 0.43359375/0.17880848534871627 0.4453125/0.19187929317995822 0.45703125/0.20540192934038942 0.46875/0.21935517923705544 0.48046875/0.23371782827700197 0.4921875/0.24846866186727462 0.50390625/0.26358646541491909 0.515625/0.27905002432698089 0.52734375/0.29483812401050574 0.5390625/0.31092954987253918 0.55078125/0.32730308732012692 0.5625/0.3439375217603145 0.57421875/0.3608116386001477 0.5859375/0.377904223246672 0.59765625/0.39519406110693311 0.609375/0.41265993758797659 0.62109375/0.43028063809684808 0.6328125/0.44803494804059341 0.64453125/0.46590165282625795 0.65625/0.48385953786088726 0.66796875/0.50188738855152726 0.6796875/0.51996399030522333 0.69140625/0.53806812852902131 0.703125/0.55617858862996672 0.71484375/0.57427415601510512 0.7265625/0.59233361609148238 0.73828125/0.61033575426614384 0.75/0.62825935594613513 0.76171875/0.64608320653850226 0.7734375/0.66378609145029044 0.78515625/0.68134679608854543 0.796875/0.69874410586031299 0.80859375/0.71595680617263857 0.8203125/0.73296368243256793 0.83203125/0.75193798449612403 0.84375/0.76868034726104428 0.85546875/0.78564344759194293 0.8671875/0.80281028912652763 0.87890625/0.82016387550250536 0.890625/0.83768721035758364 0.90234375/0.85536329732946992 0.9140625/0.87317514005587116 0.92578125/0.89110574217449479 0.9375/0.90913810732304789 0.94921875/0.92725523913923835 0.9609375/0.94544014126077303 0.97265625/0.96367581732535912 0.984375/0.98194527097070416 0.99609375/1':blue='0.0/0 0.01171875/0.0077190991171709944 0.0234375/0.015439158526955458 0.03515625/0.02316113852196687 0.046875/0.030885999394818699 0.05859375/0.038614701438124406 0.0703125/0.046348204944497477 0.08203125/0.054087470206551379 0.09375/0.061833457516899587 0.10546875/0.069587127168155571 0.1171875/0.077349439452932781 0.12890625/0.085121354663844725 0.140625/0.092903833093504862 0.15234375/0.10069783503452664 0.1640625/0.10850432077952359 0.17578125/0.11632425062110911 0.1875/0.12415858485189671 0.19921875/0.13200828376449988 0.2109375/0.13987430765153205 0.22265625/0.14775761680560673 0.234375/0.15565917151933734 0.24609375/0.16357993208533742 0.2578125/0.17152085879622039 0.26953125/0.17948291194459981 0.28125/0.18746705182308898 0.29296875/0.19547423872430147 0.3046875/0.2035054329408508 0.31640625/0.21156159476535033 0.328125/0.21964368449041374 0.33984375/0.22775266240865427 0.3515625/0.23588948881268554 0.36328125/0.24405512399512083 0.375/0.25225052824857386 0.38671875/0.26047666186565799 0.3984375/0.26873448513898662 0.41015625/0.27702495836117336 0.421875/0.28534904182483156 0.43359375/0.29370769582257478 0.4453125/0.30210188064701649 0.45703125/0.31053255659077 0.46875/0.31900068394644893 0.48046875/0.32750722300666685 0.4921875/0.33605313406403708 0.50390625/0.34463937741117301 0.515625/0.35326691334068833 0.52734375/0.36193670214519641 0.5390625/0.37064970411731074 0.55078125/0.37940687954964469 0.5625/0.38820918873481181 0.57421875/0.39705759196542573 0.5859375/0.40595304953409961 0.59765625/0.41489652173344715 0.609375/0.42388896885608174 0.62109375/0.43293135119461684 0.6328125/0.44202462904166595 0.64453125/0.45116976268984255 0.65625/0.46036771243176006 0.66796875/0.46961943856003202 0.6796875/0.47892590136727187 0.69140625/0.48828806114609308 0.703125/0.49770687818910925 0.71484375/0.50718331278893369 0.7265625/0.51671832523817962 0.73828125/0.52631287582946118 0.75/0.53596792485539124 0.76171875/0.54528436444652362 0.7734375/0.55532216601574358 0.78515625/0.56574088737488659 0.796875/0.57663049708035574 0.80859375/0.58808096368855434 0.8203125/0.6001822557558858 0.83203125/0.61302434183875354 0.84375/0.62669719049356087 0.85546875/0.64129077027671089 0.8671875/0.656895049744607 0.87890625/0.67359999745365262 0.890625/0.69149558196025085 0.90234375/0.7106717718208051 0.9140625/0.73121853559171868 0.92578125/0.75322584182939523 0.9375/0.77519379844961234 0.94921875/0.95557215930001682 0.9609375/0.98054620611227361 0.97265625/0.99354168809727883 0.984375/0.99868044897780339 0.99609375/1'