 scale=480x320
,setsar=1:1
,yadif
,crop=466:320:0:0
,curves=master='0.0/0 0.01171875/0.044076253241292433 0.0234375/0.087788318722747088 0.03515625/0.13077200868452626 0.046875/0.17266313536679206 0.05859375/0.21309751100970689 0.0703125/0.25171094785343284 0.08203125/0.28813925813813218 0.09375/0.32201825410396717 0.10546875/0.35298374799110011 0.1171875/0.38067155203969311 0.12890625/0.40471747848990847 0.140625/0.42475733958190842 0.15234375/0.44042694755585515 0.1640625/0.45242193954549381 0.17578125/0.46399224990537619 0.1875/0.47539839246478088 0.19921875/0.48664271247800039 0.2109375/0.49772755519932704 0.22265625/0.50865526588305388 0.234375/0.51942818978347294 0.24609375/0.53004867215487672 0.2578125/0.54051905825155822 0.26953125/0.55084169332780963 0.28125/0.56101892263792363 0.29296875/0.57105309143619287 0.3046875/0.58094654497690945 0.31640625/0.59070162851436636 0.328125/0.60032068730285593 0.33984375/0.6098060665966708 0.3515625/0.61916011165010354 0.36328125/0.62838516771744635 0.375/0.63748358005299244 0.38671875/0.64645769391103369 0.3984375/0.65530985454586277 0.41015625/0.66404240721177232 0.421875/0.67265769716305535 0.43359375/0.68115806965400327 0.4453125/0.68954586993890987 0.45703125/0.69782344327206691 0.46875/0.70599313490776705 0.48046875/0.71405729010030283 0.4921875/0.72201825410396736 0.50390625/0.72987837217305218 0.515625/0.73763998956185051 0.52734375/0.74530545152465477 0.5390625/0.75287710331575752 0.55078125/0.76035729018945108 0.5625/0.76774835740002811 0.57421875/0.77505265020178138 0.5859375/0.78227251384900298 0.59765625/0.78941029359598591 0.609375/0.79646833469702238 0.62109375/0.80344898240640505 0.6328125/0.81035458197842658 0.64453125/0.81718747866737917 0.65625/0.82395001772755572 0.66796875/0.83064454441324864 0.6796875/0.83727340397875027 0.69140625/0.8438389416783536 0.703125/0.85034350276635084 0.71484375/0.85678943249703465 0.7265625/0.86317907612469735 0.73828125/0.86951477890363171 0.75/0.87579888608813006 0.76171875/0.88203374293248538 0.7734375/0.88822169469098977 0.78515625/0.89436508661793579 0.796875/0.90046626396761609 0.80859375/0.90652757199432332 0.8203125/0.91255135595234993 0.83203125/0.91853996109598857 0.84375/0.92449573267953145 0.85546875/0.93042101595727145 0.8671875/0.93631815618350078 0.87890625/0.94218949861251233 0.890625/0.94803738849859864 0.90234375/0.95386417109605182 0.9140625/0.95967219165916484 0.92578125/0.96546379544222993 0.9375/0.97124132769953986 0.94921875/0.97700713368538716 0.9609375/0.98276355865406417 0.97265625/0.98851294785986377 0.984375/0.99425764655707805 0.99609375/1':red='0.0/0 0.01171875/0.011764705882352943 0.0234375/0.023529411764705879 0.03515625/0.035294117647058816 0.046875/0.047058823529411764 0.05859375/0.058823529411764712 0.0703125/0.07058823529411766 0.08203125/0.082352941176470587 0.09375/0.094117647058823528 0.10546875/0.10588235294117647 0.1171875/0.11764705882352938 0.12890625/0.12941176470588237 0.140625/0.14117647058823532 0.15234375/0.15294117647058825 0.1640625/0.1647058823529412 0.17578125/0.17647058823529413 0.1875/0.18823529411764706 0.19921875/0.20000000000000007 0.2109375/0.21176470588235291 0.22265625/0.22352941176470589 0.234375/0.23529411764705882 0.24609375/0.24705882352941175 0.2578125/0.25882352941176473 0.26953125/0.27058823529411768 0.28125/0.28235294117647064 0.29296875/0.29411764705882348 0.3046875/0.30588235294117649 0.31640625/0.31764705882352934 0.328125/0.3294117647058824 0.33984375/0.3411764705882353 0.3515625/0.35294117647058826 0.36328125/0.3647058823529411 0.375/0.37647058823529411 0.38671875/0.38823529411764712 0.3984375/0.39999999999999997 0.41015625/0.41176470588235292 0.421875/0.42352941176470582 0.43359375/0.43529411764705883 0.4453125/0.44705882352941184 0.45703125/0.45882352941176474 0.46875/0.47058823529411764 0.48046875/0.48235294117647054 0.4921875/0.49411764705882355 0.50390625/0.50588235294117645 0.515625/0.51764705882352946 0.52734375/0.52941176470588236 0.5390625/0.54117647058823526 0.55078125/0.55294117647058827 0.5625/0.56470588235294117 0.57421875/0.57647058823529407 0.5859375/0.58823529411764708 0.59765625/0.59999999999999998 0.609375/0.61176470588235299 0.62109375/0.62352941176470589 0.6328125/0.63529411764705879 0.64453125/0.6470588235294118 0.65625/0.65882352941176481 0.66796875/0.6705882352941176 0.6796875/0.68235294117647061 0.69140625/0.69411764705882351 0.703125/0.70588235294117663 0.71484375/0.71764705882352942 0.7265625/0.7294117647058822 0.73828125/0.74117647058823533 0.75/0.75294117647058822 0.76171875/0.76470588235294112 0.7734375/0.77647058823529425 0.78515625/0.78823529411764703 0.796875/0.80000000000000004 0.80859375/0.81176470588235294 0.8203125/0.82352941176470584 0.83203125/0.83529411764705874 0.84375/0.84705882352941175 0.85546875/0.85882352941176465 0.8671875/0.87058823529411766 0.87890625/0.88235294117647056 0.890625/0.89411764705882357 0.90234375/0.90588235294117636 0.9140625/0.91764705882352937 0.92578125/0.92941176470588238 0.9375/0.94117647058823528 0.94921875/0.95294117647058818 0.9609375/0.96470588235294119 0.97265625/0.97647058823529409 0.984375/0.98823529411764721 0.99609375/1':green='0.0/0 0.01171875/0.011764705882352943 0.0234375/0.023529411764705879 0.03515625/0.035294117647058816 0.046875/0.047058823529411764 0.05859375/0.058823529411764712 0.0703125/0.07058823529411766 0.08203125/0.082352941176470587 0.09375/0.094117647058823528 0.10546875/0.10588235294117647 0.1171875/0.11764705882352938 0.12890625/0.12941176470588237 0.140625/0.14117647058823532 0.15234375/0.15294117647058825 0.1640625/0.1647058823529412 0.17578125/0.17647058823529413 0.1875/0.18823529411764706 0.19921875/0.20000000000000007 0.2109375/0.21176470588235291 0.22265625/0.22352941176470589 0.234375/0.23529411764705882 0.24609375/0.24705882352941175 0.2578125/0.25882352941176473 0.26953125/0.27058823529411768 0.28125/0.28235294117647064 0.29296875/0.29411764705882348 0.3046875/0.30588235294117649 0.31640625/0.31764705882352934 0.328125/0.3294117647058824 0.33984375/0.3411764705882353 0.3515625/0.35294117647058826 0.36328125/0.3647058823529411 0.375/0.37647058823529411 0.38671875/0.38823529411764712 0.3984375/0.39999999999999997 0.41015625/0.41176470588235292 0.421875/0.42352941176470582 0.43359375/0.43529411764705883 0.4453125/0.44705882352941184 0.45703125/0.45882352941176474 0.46875/0.47058823529411764 0.48046875/0.48235294117647054 0.4921875/0.49411764705882355 0.50390625/0.50588235294117645 0.515625/0.51764705882352946 0.52734375/0.52941176470588236 0.5390625/0.54117647058823526 0.55078125/0.55294117647058827 0.5625/0.56470588235294117 0.57421875/0.57647058823529407 0.5859375/0.58823529411764708 0.59765625/0.59999999999999998 0.609375/0.61176470588235299 0.62109375/0.62352941176470589 0.6328125/0.63529411764705879 0.64453125/0.6470588235294118 0.65625/0.65882352941176481 0.66796875/0.6705882352941176 0.6796875/0.68235294117647061 0.69140625/0.69411764705882351 0.703125/0.70588235294117663 0.71484375/0.71764705882352942 0.7265625/0.7294117647058822 0.73828125/0.74117647058823533 0.75/0.75294117647058822 0.76171875/0.76470588235294112 0.7734375/0.77647058823529425 0.78515625/0.78823529411764703 0.796875/0.80000000000000004 0.80859375/0.81176470588235294 0.8203125/0.82352941176470584 0.83203125/0.83529411764705874 0.84375/0.84705882352941175 0.85546875/0.85882352941176465 0.8671875/0.87058823529411766 0.87890625/0.88235294117647056 0.890625/0.89411764705882357 0.90234375/0.90588235294117636 0.9140625/0.91764705882352937 0.92578125/0.92941176470588238 0.9375/0.94117647058823528 0.94921875/0.95294117647058818 0.9609375/0.96470588235294119 0.97265625/0.97647058823529409 0.984375/0.98823529411764721 0.99609375/1':blue='0.0/0 0.01171875/0.011764705882352943 0.0234375/0.023529411764705879 0.03515625/0.035294117647058816 0.046875/0.047058823529411764 0.05859375/0.058823529411764712 0.0703125/0.07058823529411766 0.08203125/0.082352941176470587 0.09375/0.094117647058823528 0.10546875/0.10588235294117647 0.1171875/0.11764705882352938 0.12890625/0.12941176470588237 0.140625/0.14117647058823532 0.15234375/0.15294117647058825 0.1640625/0.1647058823529412 0.17578125/0.17647058823529413 0.1875/0.18823529411764706 0.19921875/0.20000000000000007 0.2109375/0.21176470588235291 0.22265625/0.22352941176470589 0.234375/0.23529411764705882 0.24609375/0.24705882352941175 0.2578125/0.25882352941176473 0.26953125/0.27058823529411768 0.28125/0.28235294117647064 0.29296875/0.29411764705882348 0.3046875/0.30588235294117649 0.31640625/0.31764705882352934 0.328125/0.3294117647058824 0.33984375/0.3411764705882353 0.3515625/0.35294117647058826 0.36328125/0.3647058823529411 0.375/0.37647058823529411 0.38671875/0.38823529411764712 0.3984375/0.39999999999999997 0.41015625/0.41176470588235292 0.421875/0.42352941176470582 0.43359375/0.43529411764705883 0.4453125/0.44705882352941184 0.45703125/0.45882352941176474 0.46875/0.47058823529411764 0.48046875/0.48235294117647054 0.4921875/0.49411764705882355 0.50390625/0.50588235294117645 0.515625/0.51764705882352946 0.52734375/0.52941176470588236 0.5390625/0.54117647058823526 0.55078125/0.55294117647058827 0.5625/0.56470588235294117 0.57421875/0.57647058823529407 0.5859375/0.58823529411764708 0.59765625/0.59999999999999998 0.609375/0.61176470588235299 0.62109375/0.62352941176470589 0.6328125/0.63529411764705879 0.64453125/0.6470588235294118 0.65625/0.65882352941176481 0.66796875/0.6705882352941176 0.6796875/0.68235294117647061 0.69140625/0.69411764705882351 0.703125/0.70588235294117663 0.71484375/0.71764705882352942 0.7265625/0.7294117647058822 0.73828125/0.74117647058823533 0.75/0.75294117647058822 0.76171875/0.76470588235294112 0.7734375/0.77647058823529425 0.78515625/0.78823529411764703 0.796875/0.80000000000000004 0.80859375/0.81176470588235294 0.8203125/0.82352941176470584 0.83203125/0.83529411764705874 0.84375/0.84705882352941175 0.85546875/0.85882352941176465 0.8671875/0.87058823529411766 0.87890625/0.88235294117647056 0.890625/0.89411764705882357 0.90234375/0.90588235294117636 0.9140625/0.91764705882352937 0.92578125/0.92941176470588238 0.9375/0.94117647058823528 0.94921875/0.95294117647058818 0.9609375/0.96470588235294119 0.97265625/0.97647058823529409 0.984375/0.98823529411764721 0.99609375/1'
